{
	"name": "@vidazoo/webpack-ast-traversal-plugin-v3",
	"version": "0.0.0",
	"lockfileVersion": 1,
	"requires": true,
	"dependencies": {
		"ast-types": {
			"version": "0.13.1",
			"resolved": "https://registry.npmjs.org/ast-types/-/ast-types-0.13.1.tgz",
			"integrity": "sha512-b+EeK0WlzrSmpMw5jktWvQGxblpWnvMrV+vOp69RLjzGiHwWV0vgq75DPKtUjppKni3yWwSW8WLGV3Ch/XIWcQ=="
		},
		"esprima": {
			"version": "4.0.1",
			"resolved": "https://registry.npmjs.org/esprima/-/esprima-4.0.1.tgz",
			"integrity": "sha512-eGuFFw7Upda+g4p+QHvnW0RyTX/SVeJBDM/gCtMARO0cLuT2HcEKnTPvhjV6aGeqrCB/sbNop0Kszm0jsaWU4A=="
		},
		"estraverse": {
			"version": "4.2.0",
			"resolved": "https://registry.npmjs.org/estraverse/-/estraverse-4.2.0.tgz",
			"integrity": "sha1-De4/7TH81GlhjOc0IJn8GvoL2xM="
		},
		"private": {
			"version": "0.1.8",
			"resolved": "https://registry.npmjs.org/private/-/private-0.1.8.tgz",
			"integrity": "sha512-VvivMrbvd2nKkiG38qjULzlc+4Vx4wm/whI9pQD35YrARNnhxeiRktSOhSukRLFNlzg6Br/cJPet5J/u19r/mg=="
		},
		"recast": {
			"version": "0.18.1",
			"resolved": "https://registry.npmjs.org/recast/-/recast-0.18.1.tgz",
			"integrity": "sha512-Ri42yIOwHetqKgEhQSS4N1B9wSLn+eYcyLoQfuSpvd661Jty1Q3P0FXkzjIQ9XxTN+3+kRu1JFXbRmUCUmde5Q==",
			"requires": {
				"ast-types": "0.13.1",
				"esprima": "~4.0.0",
				"private": "^0.1.8",
				"source-map": "~0.6.1"
			}
		},
		"source-map": {
			"version": "0.6.1",
			"resolved": "https://registry.npmjs.org/source-map/-/source-map-0.6.1.tgz",
			"integrity": "sha512-UjgapumWlbMhkBgzT7Ykc5YXUT46F0iKu8SGXq0bcwP5dz/h0Plj6enJqjz1Zbq2l5WaqYnrVbwWOWMyF3F47g=="
		}
	}
}
